{
  "requires": true,
  "lockfileVersion": 1,
  "dependencies": {
    "sweetalert2": {
      "version": "6.9.1",
      "resolved": "https://registry.npmjs.org/sweetalert2/-/sweetalert2-6.9.1.tgz",
      "integrity": "sha512-VzxO+oq4XgfnGd/wVJsAce/1lfEUyX6zIQZ4bnPaNue1coTFDodsqwLBKGpzYex8/uuZexbc3GenVeZDQguf5g=="
    },
    "tingle.js": {
      "version": "0.12.0",
      "resolved": "https://registry.npmjs.org/tingle.js/-/tingle.js-0.12.0.tgz",
      "integrity": "sha512-Q8nHz2uFxfHj3Q/PJqjvzZzO6Vj2iPCIi4RYS1xW6JD3GmQVSMy0YioJSARhLUwR0WTQtdae4Oakvf7xAyIbUQ=="
    }
  }
}
